
Microsoft Visual Studio Solution File, Format Version 12.00
# Visual Studio Version 17
VisualStudioVersion = 17.5.33627.172
MinimumVisualStudioVersion = 10.0.40219.1
Project("{FAE04EC0-301F-11D3-BF4B-00C04F79EFBC}") = "QcGoldArchive", "QcGoldArchive\QcGoldArchive.csproj", "{31CD71A4-2EC1-484C-AE0B-6D76B2A819CE}"
EndProject
Project("{FAE04EC0-301F-11D3-BF4B-00C04F79EFBC}") = "pdfReportTest", "pdfReportTest\pdfReportTest.csproj", "{7BF9932D-131A-469D-A8E8-1925E0842361}"
EndProject
Global
	GlobalSection(SolutionConfigurationPlatforms) = preSolution
		CD_ROM|Any CPU = CD_ROM|Any CPU
		CD_ROM|x86 = CD_ROM|x86
		Debug|Any CPU = Debug|Any CPU
		Debug|x86 = Debug|x86
		DVD-5|Any CPU = DVD-5|Any CPU
		DVD-5|x86 = DVD-5|x86
		Release|Any CPU = Release|Any CPU
		Release|x86 = Release|x86
		SingleImage|Any CPU = SingleImage|Any CPU
		SingleImage|x86 = SingleImage|x86
	EndGlobalSection
	GlobalSection(ProjectConfigurationPlatforms) = postSolution
		{31CD71A4-2EC1-484C-AE0B-6D76B2A819CE}.CD_ROM|Any CPU.ActiveCfg = Release|Any CPU
		{31CD71A4-2EC1-484C-AE0B-6D76B2A819CE}.CD_ROM|Any CPU.Build.0 = Release|Any CPU
		{31CD71A4-2EC1-484C-AE0B-6D76B2A819CE}.CD_ROM|x86.ActiveCfg = Release|x86
		{31CD71A4-2EC1-484C-AE0B-6D76B2A819CE}.CD_ROM|x86.Build.0 = Release|x86
		{31CD71A4-2EC1-484C-AE0B-6D76B2A819CE}.Debug|Any CPU.ActiveCfg = Debug|Any CPU
		{31CD71A4-2EC1-484C-AE0B-6D76B2A819CE}.Debug|Any CPU.Build.0 = Debug|Any CPU
		{31CD71A4-2EC1-484C-AE0B-6D76B2A819CE}.Debug|x86.ActiveCfg = Debug|x86
		{31CD71A4-2EC1-484C-AE0B-6D76B2A819CE}.Debug|x86.Build.0 = Debug|x86
		{31CD71A4-2EC1-484C-AE0B-6D76B2A819CE}.DVD-5|Any CPU.ActiveCfg = Debug|Any CPU
		{31CD71A4-2EC1-484C-AE0B-6D76B2A819CE}.DVD-5|Any CPU.Build.0 = Debug|Any CPU
		{31CD71A4-2EC1-484C-AE0B-6D76B2A819CE}.DVD-5|x86.ActiveCfg = Debug|x86
		{31CD71A4-2EC1-484C-AE0B-6D76B2A819CE}.DVD-5|x86.Build.0 = Debug|x86
		{31CD71A4-2EC1-484C-AE0B-6D76B2A819CE}.Release|Any CPU.ActiveCfg = Release|Any CPU
		{31CD71A4-2EC1-484C-AE0B-6D76B2A819CE}.Release|Any CPU.Build.0 = Release|Any CPU
		{31CD71A4-2EC1-484C-AE0B-6D76B2A819CE}.Release|x86.ActiveCfg = Release|x86
		{31CD71A4-2EC1-484C-AE0B-6D76B2A819CE}.Release|x86.Build.0 = Release|x86
		{31CD71A4-2EC1-484C-AE0B-6D76B2A819CE}.SingleImage|Any CPU.ActiveCfg = Release|Any CPU
		{31CD71A4-2EC1-484C-AE0B-6D76B2A819CE}.SingleImage|Any CPU.Build.0 = Release|Any CPU
		{31CD71A4-2EC1-484C-AE0B-6D76B2A819CE}.SingleImage|x86.ActiveCfg = Release|x86
		{31CD71A4-2EC1-484C-AE0B-6D76B2A819CE}.SingleImage|x86.Build.0 = Release|x86
		{7BF9932D-131A-469D-A8E8-1925E0842361}.CD_ROM|Any CPU.ActiveCfg = Release|Any CPU
		{7BF9932D-131A-469D-A8E8-1925E0842361}.CD_ROM|Any CPU.Build.0 = Release|Any CPU
		{7BF9932D-131A-469D-A8E8-1925E0842361}.CD_ROM|x86.ActiveCfg = Release|x86
		{7BF9932D-131A-469D-A8E8-1925E0842361}.CD_ROM|x86.Build.0 = Release|x86
		{7BF9932D-131A-469D-A8E8-1925E0842361}.Debug|Any CPU.ActiveCfg = Debug|Any CPU
		{7BF9932D-131A-469D-A8E8-1925E0842361}.Debug|Any CPU.Build.0 = Debug|Any CPU
		{7BF9932D-131A-469D-A8E8-1925E0842361}.Debug|x86.ActiveCfg = Debug|x86
		{7BF9932D-131A-469D-A8E8-1925E0842361}.Debug|x86.Build.0 = Debug|x86
		{7BF9932D-131A-469D-A8E8-1925E0842361}.DVD-5|Any CPU.ActiveCfg = Debug|Any CPU
		{7BF9932D-131A-469D-A8E8-1925E0842361}.DVD-5|Any CPU.Build.0 = Debug|Any CPU
		{7BF9932D-131A-469D-A8E8-1925E0842361}.DVD-5|x86.ActiveCfg = Debug|x86
		{7BF9932D-131A-469D-A8E8-1925E0842361}.DVD-5|x86.Build.0 = Debug|x86
		{7BF9932D-131A-469D-A8E8-1925E0842361}.Release|Any CPU.ActiveCfg = Release|Any CPU
		{7BF9932D-131A-469D-A8E8-1925E0842361}.Release|Any CPU.Build.0 = Release|Any CPU
		{7BF9932D-131A-469D-A8E8-1925E0842361}.Release|x86.ActiveCfg = Release|x86
		{7BF9932D-131A-469D-A8E8-1925E0842361}.Release|x86.Build.0 = Release|x86
		{7BF9932D-131A-469D-A8E8-1925E0842361}.SingleImage|Any CPU.ActiveCfg = Release|Any CPU
		{7BF9932D-131A-469D-A8E8-1925E0842361}.SingleImage|Any CPU.Build.0 = Release|Any CPU
		{7BF9932D-131A-469D-A8E8-1925E0842361}.SingleImage|x86.ActiveCfg = Release|x86
		{7BF9932D-131A-469D-A8E8-1925E0842361}.SingleImage|x86.Build.0 = Release|x86
	EndGlobalSection
	GlobalSection(SolutionProperties) = preSolution
		HideSolutionNode = FALSE
	EndGlobalSection
	GlobalSection(ExtensibilityGlobals) = postSolution
		SolutionGuid = {5577A90E-78EF-4FD0-9E2B-50A0630A70C1}
	EndGlobalSection
EndGlobal
